
Microsoft Visual Studio Solution File, Format Version 12.00
# Visual Studio 15
VisualStudioVersion = 15.0.28307.489
MinimumVisualStudioVersion = 10.0.40219.1
Project("{FAE04EC0-301F-11D3-BF4B-00C04F79EFBC}") = "Login", "Login\Login.csproj", "{A70F2D5A-1A99-4387-B25B-B277D5F0E453}"
EndProject
Global
	GlobalSection(SolutionConfigurationPlatforms) = preSolution
		Debug|Any CPU = Debug|Any CPU
		Release|Any CPU = Release|Any CPU
	EndGlobalSection
	GlobalSection(ProjectConfigurationPlatforms) = postSolution
		{A70F2D5A-1A99-4387-B25B-B277D5F0E453}.Debug|Any CPU.ActiveCfg = Debug|Any CPU
		{A70F2D5A-1A99-4387-B25B-B277D5F0E453}.Debug|Any CPU.Build.0 = Debug|Any CPU
		{A70F2D5A-1A99-4387-B25B-B277D5F0E453}.Release|Any CPU.ActiveCfg = Release|Any CPU
		{A70F2D5A-1A99-4387-B25B-B277D5F0E453}.Release|Any CPU.Build.0 = Release|Any CPU
	EndGlobalSection
	GlobalSection(SolutionProperties) = preSolution
		HideSolutionNode = FALSE
	EndGlobalSection
	GlobalSection(ExtensibilityGlobals) = postSolution
		SolutionGuid = {2B31EAEC-B94F-439E-8E18-5A362376A6C1}
	EndGlobalSection
EndGlobal
